{
  "name": "assets",
  "lockfileVersion": 3,
  "requires": true,
  "packages": {
    "": {
      "dependencies": {
        "simplycountdown.js": "^3.0.1"
      }
    },
    "node_modules/simplycountdown.js": {
      "version": "3.0.1",
      "resolved": "https://registry.npmjs.org/simplycountdown.js/-/simplycountdown.js-3.0.1.tgz",
      "integrity": "sha512-uEp86TFh75CEBFA0786VXze6Gr/hYvNOVYsoO4mQeiT9c6rcAjdQGkDwP2FloNbzyV4WbiJntb3E6Sbx1EsQcA=="
    }
  }
}
